
Microsoft Visual Studio Solution File, Format Version 12.00
# Visual Studio Version 16
VisualStudioVersion = 16.0.31613.86
MinimumVisualStudioVersion = 10.0.40219.1
Project("{FAE04EC0-301F-11D3-BF4B-00C04F79EFBC}") = "binaryCalculator", "binaryCalculator\binaryCalculator.csproj", "{BDADF31E-DDD9-4BB7-90E0-6693D8002433}"
EndProject
Global
	GlobalSection(SolutionConfigurationPlatforms) = preSolution
		Debug|Any CPU = Debug|Any CPU
		Release|Any CPU = Release|Any CPU
	EndGlobalSection
	GlobalSection(ProjectConfigurationPlatforms) = postSolution
		{BDADF31E-DDD9-4BB7-90E0-6693D8002433}.Debug|Any CPU.ActiveCfg = Debug|Any CPU
		{BDADF31E-DDD9-4BB7-90E0-6693D8002433}.Debug|Any CPU.Build.0 = Debug|Any CPU
		{BDADF31E-DDD9-4BB7-90E0-6693D8002433}.Release|Any CPU.ActiveCfg = Release|Any CPU
		{BDADF31E-DDD9-4BB7-90E0-6693D8002433}.Release|Any CPU.Build.0 = Release|Any CPU
	EndGlobalSection
	GlobalSection(SolutionProperties) = preSolution
		HideSolutionNode = FALSE
	EndGlobalSection
	GlobalSection(ExtensibilityGlobals) = postSolution
		SolutionGuid = {A06EE802-B4B2-4475-9441-E1506C791CB2}
	EndGlobalSection
EndGlobal
